// !$*UTF8*$!
{
	archiveVersion = 1;
	classes = {
	};
	objectVersion = 48;
	objects = {

/* Begin PBXBuildFile section */
		9B2FC1C6206048F100410E71 /* AppDelegate.swift in Sources */ = {isa = PBXBuildFile; fileRef = 9B2FC1C5206048F100410E71 /* AppDelegate.swift */; };
		9B2FC1CB206048F100410E71 /* Main.storyboard in Resources */ = {isa = PBXBuildFile; fileRef = 9B2FC1C9206048F100410E71 /* Main.storyboard */; };
		9B2FC1CE206048F100410E71 /* IndiaExhibition.xcdatamodeld in Sources */ = {isa = PBXBuildFile; fileRef = 9B2FC1CC206048F100410E71 /* IndiaExhibition.xcdatamodeld */; };
		9B2FC1D0206048F100410E71 /* Assets.xcassets in Resources */ = {isa = PBXBuildFile; fileRef = 9B2FC1CF206048F100410E71 /* Assets.xcassets */; };
		9B2FC1D3206048F100410E71 /* LaunchScreen.storyboard in Resources */ = {isa = PBXBuildFile; fileRef = 9B2FC1D1206048F100410E71 /* LaunchScreen.storyboard */; };
		9B2FC1DE206048F100410E71 /* IndiaExhibitionTests.swift in Sources */ = {isa = PBXBuildFile; fileRef = 9B2FC1DD206048F100410E71 /* IndiaExhibitionTests.swift */; };
		9B2FC2052060519000410E71 /* EXHWebApiWrapper.swift in Sources */ = {isa = PBXBuildFile; fileRef = 9B2FC2042060519000410E71 /* EXHWebApiWrapper.swift */; };
		9B2FC207206051AA00410E71 /* EXHPostServicePath.swift in Sources */ = {isa = PBXBuildFile; fileRef = 9B2FC206206051AA00410E71 /* EXHPostServicePath.swift */; };
		9B2FC209206051AF00410E71 /* EXHRequestable.swift in Sources */ = {isa = PBXBuildFile; fileRef = 9B2FC208206051AF00410E71 /* EXHRequestable.swift */; };
		9B2FC20B206051B600410E71 /* EXHNetworkEndPoints.swift in Sources */ = {isa = PBXBuildFile; fileRef = 9B2FC20A206051B600410E71 /* EXHNetworkEndPoints.swift */; };
		9B2FC20F206051EF00410E71 /* EXHConfigEndPoint.swift in Sources */ = {isa = PBXBuildFile; fileRef = 9B2FC20E206051EF00410E71 /* EXHConfigEndPoint.swift */; };
		9B2FC2112060537900410E71 /* EXHResponsable.swift in Sources */ = {isa = PBXBuildFile; fileRef = 9B2FC2102060537900410E71 /* EXHResponsable.swift */; };
		9B2FC21320605A0D00410E71 /* EXHLoginViewModel.swift in Sources */ = {isa = PBXBuildFile; fileRef = 9B2FC21220605A0D00410E71 /* EXHLoginViewModel.swift */; };
		9B2FC21720605AD500410E71 /* BaseViewModel.swift in Sources */ = {isa = PBXBuildFile; fileRef = 9B2FC21620605AD500410E71 /* BaseViewModel.swift */; };
		9B2FC2192060604600410E71 /* UserInfo.swift in Sources */ = {isa = PBXBuildFile; fileRef = 9B2FC2182060604600410E71 /* UserInfo.swift */; };
		9BE7967B2060EDD70019628E /* EXHSignInController.swift in Sources */ = {isa = PBXBuildFile; fileRef = 9BE7967A2060EDD70019628E /* EXHSignInController.swift */; };
		9BE7967D2060EDEE0019628E /* EXHRegistrationController.swift in Sources */ = {isa = PBXBuildFile; fileRef = 9BE7967C2060EDEE0019628E /* EXHRegistrationController.swift */; };
		9BE796822061B2BC0019628E /* EXHRegistrationViewModel.swift in Sources */ = {isa = PBXBuildFile; fileRef = 9BE796812061B2BB0019628E /* EXHRegistrationViewModel.swift */; };
		9BE796842061B5BF0019628E /* EXHEventsViewModel.swift in Sources */ = {isa = PBXBuildFile; fileRef = 9BE796832061B5BF0019628E /* EXHEventsViewModel.swift */; };
		9BE7968B2062D9D80019628E /* UserDefaultHelper.swift in Sources */ = {isa = PBXBuildFile; fileRef = 9BE7968A2062D9D80019628E /* UserDefaultHelper.swift */; };
/* End PBXBuildFile section */

/* Begin PBXContainerItemProxy section */
		9B2FC1DA206048F100410E71 /* PBXContainerItemProxy */ = {
			isa = PBXContainerItemProxy;
			containerPortal = 9B2FC1BA206048F100410E71 /* Project object */;
			proxyType = 1;
			remoteGlobalIDString = 9B2FC1C1206048F100410E71;
			remoteInfo = IndiaExhibition;
		};
/* End PBXContainerItemProxy section */

/* Begin PBXFileReference section */
		9B2FC1C2206048F100410E71 /* IndiaExhibition.app */ = {isa = PBXFileReference; explicitFileType = wrapper.application; includeInIndex = 0; path = IndiaExhibition.app; sourceTree = BUILT_PRODUCTS_DIR; };
		9B2FC1C5206048F100410E71 /* AppDelegate.swift */ = {isa = PBXFileReference; lastKnownFileType = sourcecode.swift; path = AppDelegate.swift; sourceTree = "<group>"; };
		9B2FC1CA206048F100410E71 /* Base */ = {isa = PBXFileReference; lastKnownFileType = file.storyboard; name = Base; path = Base.lproj/Main.storyboard; sourceTree = "<group>"; };
		9B2FC1CD206048F100410E71 /* IndiaExhibition.xcdatamodel */ = {isa = PBXFileReference; lastKnownFileType = wrapper.xcdatamodel; path = IndiaExhibition.xcdatamodel; sourceTree = "<group>"; };
		9B2FC1CF206048F100410E71 /* Assets.xcassets */ = {isa = PBXFileReference; lastKnownFileType = folder.assetcatalog; path = Assets.xcassets; sourceTree = "<group>"; };
		9B2FC1D2206048F100410E71 /* Base */ = {isa = PBXFileReference; lastKnownFileType = file.storyboard; name = Base; path = Base.lproj/LaunchScreen.storyboard; sourceTree = "<group>"; };
		9B2FC1D4206048F100410E71 /* Info.plist */ = {isa = PBXFileReference; lastKnownFileType = text.plist.xml; path = Info.plist; sourceTree = "<group>"; };
		9B2FC1D9206048F100410E71 /* IndiaExhibitionTests.xctest */ = {isa = PBXFileReference; explicitFileType = wrapper.cfbundle; includeInIndex = 0; path = IndiaExhibitionTests.xctest; sourceTree = BUILT_PRODUCTS_DIR; };
		9B2FC1DD206048F100410E71 /* IndiaExhibitionTests.swift */ = {isa = PBXFileReference; lastKnownFileType = sourcecode.swift; path = IndiaExhibitionTests.swift; sourceTree = "<group>"; };
		9B2FC1DF206048F100410E71 /* Info.plist */ = {isa = PBXFileReference; lastKnownFileType = text.plist.xml; path = Info.plist; sourceTree = "<group>"; };
		9B2FC2042060519000410E71 /* EXHWebApiWrapper.swift */ = {isa = PBXFileReference; fileEncoding = 4; lastKnownFileType = sourcecode.swift; path = EXHWebApiWrapper.swift; sourceTree = "<group>"; };
		9B2FC206206051AA00410E71 /* EXHPostServicePath.swift */ = {isa = PBXFileReference; fileEncoding = 4; lastKnownFileType = sourcecode.swift; path = EXHPostServicePath.swift; sourceTree = "<group>"; };
		9B2FC208206051AF00410E71 /* EXHRequestable.swift */ = {isa = PBXFileReference; fileEncoding = 4; lastKnownFileType = sourcecode.swift; path = EXHRequestable.swift; sourceTree = "<group>"; };
		9B2FC20A206051B600410E71 /* EXHNetworkEndPoints.swift */ = {isa = PBXFileReference; fileEncoding = 4; lastKnownFileType = sourcecode.swift; path = EXHNetworkEndPoints.swift; sourceTree = "<group>"; };
		9B2FC20E206051EF00410E71 /* EXHConfigEndPoint.swift */ = {isa = PBXFileReference; fileEncoding = 4; lastKnownFileType = sourcecode.swift; path = EXHConfigEndPoint.swift; sourceTree = "<group>"; };
		9B2FC2102060537900410E71 /* EXHResponsable.swift */ = {isa = PBXFileReference; lastKnownFileType = sourcecode.swift; path = EXHResponsable.swift; sourceTree = "<group>"; };
		9B2FC21220605A0D00410E71 /* EXHLoginViewModel.swift */ = {isa = PBXFileReference; lastKnownFileType = sourcecode.swift; path = EXHLoginViewModel.swift; sourceTree = "<group>"; };
		9B2FC21620605AD500410E71 /* BaseViewModel.swift */ = {isa = PBXFileReference; lastKnownFileType = sourcecode.swift; path = BaseViewModel.swift; sourceTree = "<group>"; };
		9B2FC2182060604600410E71 /* UserInfo.swift */ = {isa = PBXFileReference; fileEncoding = 4; lastKnownFileType = sourcecode.swift; path = UserInfo.swift; sourceTree = "<group>"; };
		9BE7967A2060EDD70019628E /* EXHSignInController.swift */ = {isa = PBXFileReference; lastKnownFileType = sourcecode.swift; path = EXHSignInController.swift; sourceTree = "<group>"; };
		9BE7967C2060EDEE0019628E /* EXHRegistrationController.swift */ = {isa = PBXFileReference; lastKnownFileType = sourcecode.swift; path = EXHRegistrationController.swift; sourceTree = "<group>"; };
		9BE796812061B2BB0019628E /* EXHRegistrationViewModel.swift */ = {isa = PBXFileReference; lastKnownFileType = sourcecode.swift; path = EXHRegistrationViewModel.swift; sourceTree = "<group>"; };
		9BE796832061B5BF0019628E /* EXHEventsViewModel.swift */ = {isa = PBXFileReference; lastKnownFileType = sourcecode.swift; path = EXHEventsViewModel.swift; sourceTree = "<group>"; };
		9BE7968A2062D9D80019628E /* UserDefaultHelper.swift */ = {isa = PBXFileReference; lastKnownFileType = sourcecode.swift; path = UserDefaultHelper.swift; sourceTree = "<group>"; };
/* End PBXFileReference section */

/* Begin PBXFrameworksBuildPhase section */
		9B2FC1BF206048F100410E71 /* Frameworks */ = {
			isa = PBXFrameworksBuildPhase;
			buildActionMask = 2147483647;
			files = (
			);
			runOnlyForDeploymentPostprocessing = 0;
		};
		9B2FC1D6206048F100410E71 /* Frameworks */ = {
			isa = PBXFrameworksBuildPhase;
			buildActionMask = 2147483647;
			files = (
			);
			runOnlyForDeploymentPostprocessing = 0;
		};
/* End PBXFrameworksBuildPhase section */

/* Begin PBXGroup section */
		9B2FC1B9206048F100410E71 = {
			isa = PBXGroup;
			children = (
				9B2FC1C4206048F100410E71 /* IndiaExhibition */,
				9B2FC1DC206048F100410E71 /* IndiaExhibitionTests */,
				9B2FC1C3206048F100410E71 /* Products */,
			);
			sourceTree = "<group>";
		};
		9B2FC1C3206048F100410E71 /* Products */ = {
			isa = PBXGroup;
			children = (
				9B2FC1C2206048F100410E71 /* IndiaExhibition.app */,
				9B2FC1D9206048F100410E71 /* IndiaExhibitionTests.xctest */,
			);
			name = Products;
			sourceTree = "<group>";
		};
		9B2FC1C4206048F100410E71 /* IndiaExhibition */ = {
			isa = PBXGroup;
			children = (
				9B2FC1C5206048F100410E71 /* AppDelegate.swift */,
				9BE796872062CCA60019628E /* CoreDataStack */,
				9BE796862062CC770019628E /* Manager */,
				9B2FC1EB20604BF900410E71 /* Network Layer */,
				9B2FC1EA2060498D00410E71 /* Model */,
				9B2FC1E82060498D00410E71 /* ViewModel */,
				9BE796792060E8030019628E /* Controller */,
				9BE796892062CCEE0019628E /* Custom Views */,
				9BE796882062CCC30019628E /* Helper Classes */,
				9BE796852062CC460019628E /* Launch UI */,
				9B2FC1CF206048F100410E71 /* Assets.xcassets */,
				9B2FC1D4206048F100410E71 /* Info.plist */,
				9B2FC1CC206048F100410E71 /* IndiaExhibition.xcdatamodeld */,
			);
			path = IndiaExhibition;
			sourceTree = "<group>";
		};
		9B2FC1DC206048F100410E71 /* IndiaExhibitionTests */ = {
			isa = PBXGroup;
			children = (
				9B2FC1DD206048F100410E71 /* IndiaExhibitionTests.swift */,
				9B2FC1DF206048F100410E71 /* Info.plist */,
			);
			path = IndiaExhibitionTests;
			sourceTree = "<group>";
		};
		9B2FC1E82060498D00410E71 /* ViewModel */ = {
			isa = PBXGroup;
			children = (
				9B2FC21220605A0D00410E71 /* EXHLoginViewModel.swift */,
				9B2FC21620605AD500410E71 /* BaseViewModel.swift */,
				9BE796812061B2BB0019628E /* EXHRegistrationViewModel.swift */,
				9BE796832061B5BF0019628E /* EXHEventsViewModel.swift */,
			);
			path = ViewModel;
			sourceTree = "<group>";
		};
		9B2FC1EA2060498D00410E71 /* Model */ = {
			isa = PBXGroup;
			children = (
				9B2FC2182060604600410E71 /* UserInfo.swift */,
			);
			path = Model;
			sourceTree = "<group>";
		};
		9B2FC1EB20604BF900410E71 /* Network Layer */ = {
			isa = PBXGroup;
			children = (
				9B2FC20E206051EF00410E71 /* EXHConfigEndPoint.swift */,
				9B2FC20A206051B600410E71 /* EXHNetworkEndPoints.swift */,
				9B2FC208206051AF00410E71 /* EXHRequestable.swift */,
				9B2FC206206051AA00410E71 /* EXHPostServicePath.swift */,
				9B2FC2042060519000410E71 /* EXHWebApiWrapper.swift */,
				9B2FC2102060537900410E71 /* EXHResponsable.swift */,
			);
			path = "Network Layer";
			sourceTree = "<group>";
		};
		9BE796792060E8030019628E /* Controller */ = {
			isa = PBXGroup;
			children = (
				9BE7967A2060EDD70019628E /* EXHSignInController.swift */,
				9BE7967C2060EDEE0019628E /* EXHRegistrationController.swift */,
			);
			path = Controller;
			sourceTree = "<group>";
		};
		9BE796852062CC460019628E /* Launch UI */ = {
			isa = PBXGroup;
			children = (
				9B2FC1D1206048F100410E71 /* LaunchScreen.storyboard */,
				9B2FC1C9206048F100410E71 /* Main.storyboard */,
			);
			path = "Launch UI";
			sourceTree = "<group>";
		};
		9BE796862062CC770019628E /* Manager */ = {
			isa = PBXGroup;
			children = (
			);
			path = Manager;
			sourceTree = "<group>";
		};
		9BE796872062CCA60019628E /* CoreDataStack */ = {
			isa = PBXGroup;
			children = (
			);
			path = CoreDataStack;
			sourceTree = "<group>";
		};
		9BE796882062CCC30019628E /* Helper Classes */ = {
			isa = PBXGroup;
			children = (
				9BE7968A2062D9D80019628E /* UserDefaultHelper.swift */,
			);
			path = "Helper Classes";
			sourceTree = "<group>";
		};
		9BE796892062CCEE0019628E /* Custom Views */ = {
			isa = PBXGroup;
			children = (
			);
			path = "Custom Views";
			sourceTree = "<group>";
		};
/* End PBXGroup section */

/* Begin PBXNativeTarget section */
		9B2FC1C1206048F100410E71 /* IndiaExhibition */ = {
			isa = PBXNativeTarget;
			buildConfigurationList = 9B2FC1E2206048F100410E71 /* Build configuration list for PBXNativeTarget "IndiaExhibition" */;
			buildPhases = (
				9B2FC1BE206048F100410E71 /* Sources */,
				9B2FC1BF206048F100410E71 /* Frameworks */,
				9B2FC1C0206048F100410E71 /* Resources */,
			);
			buildRules = (
			);
			dependencies = (
			);
			name = IndiaExhibition;
			productName = IndiaExhibition;
			productReference = 9B2FC1C2206048F100410E71 /* IndiaExhibition.app */;
			productType = "com.apple.product-type.application";
		};
		9B2FC1D8206048F100410E71 /* IndiaExhibitionTests */ = {
			isa = PBXNativeTarget;
			buildConfigurationList = 9B2FC1E5206048F100410E71 /* Build configuration list for PBXNativeTarget "IndiaExhibitionTests" */;
			buildPhases = (
				9B2FC1D5206048F100410E71 /* Sources */,
				9B2FC1D6206048F100410E71 /* Frameworks */,
				9B2FC1D7206048F100410E71 /* Resources */,
			);
			buildRules = (
			);
			dependencies = (
				9B2FC1DB206048F100410E71 /* PBXTargetDependency */,
			);
			name = IndiaExhibitionTests;
			productName = IndiaExhibitionTests;
			productReference = 9B2FC1D9206048F100410E71 /* IndiaExhibitionTests.xctest */;
			productType = "com.apple.product-type.bundle.unit-test";
		};
/* End PBXNativeTarget section */

/* Begin PBXProject section */
		9B2FC1BA206048F100410E71 /* Project object */ = {
			isa = PBXProject;
			attributes = {
				LastSwiftUpdateCheck = 0920;
				LastUpgradeCheck = 0920;
				ORGANIZATIONNAME = mobileprogramming;
				TargetAttributes = {
					9B2FC1C1206048F100410E71 = {
						CreatedOnToolsVersion = 9.2;
						ProvisioningStyle = Automatic;
					};
					9B2FC1D8206048F100410E71 = {
						CreatedOnToolsVersion = 9.2;
						ProvisioningStyle = Automatic;
						TestTargetID = 9B2FC1C1206048F100410E71;
					};
				};
			};
			buildConfigurationList = 9B2FC1BD206048F100410E71 /* Build configuration list for PBXProject "IndiaExhibition" */;
			compatibilityVersion = "Xcode 8.0";
			developmentRegion = en;
			hasScannedForEncodings = 0;
			knownRegions = (
				en,
				Base,
			);
			mainGroup = 9B2FC1B9206048F100410E71;
			productRefGroup = 9B2FC1C3206048F100410E71 /* Products */;
			projectDirPath = "";
			projectRoot = "";
			targets = (
				9B2FC1C1206048F100410E71 /* IndiaExhibition */,
				9B2FC1D8206048F100410E71 /* IndiaExhibitionTests */,
			);
		};
/* End PBXProject section */

/* Begin PBXResourcesBuildPhase section */
		9B2FC1C0206048F100410E71 /* Resources */ = {
			isa = PBXResourcesBuildPhase;
			buildActionMask = 2147483647;
			files = (
				9B2FC1D3206048F100410E71 /* LaunchScreen.storyboard in Resources */,
				9B2FC1D0206048F100410E71 /* Assets.xcassets in Resources */,
				9B2FC1CB206048F100410E71 /* Main.storyboard in Resources */,
			);
			runOnlyForDeploymentPostprocessing = 0;
		};
		9B2FC1D7206048F100410E71 /* Resources */ = {
			isa = PBXResourcesBuildPhase;
			buildActionMask = 2147483647;
			files = (
			);
			runOnlyForDeploymentPostprocessing = 0;
		};
/* End PBXResourcesBuildPhase section */

/* Begin PBXSourcesBuildPhase section */
		9B2FC1BE206048F100410E71 /* Sources */ = {
			isa = PBXSourcesBuildPhase;
			buildActionMask = 2147483647;
			files = (
				9B2FC209206051AF00410E71 /* EXHRequestable.swift in Sources */,
				9B2FC20F206051EF00410E71 /* EXHConfigEndPoint.swift in Sources */,
				9B2FC2112060537900410E71 /* EXHResponsable.swift in Sources */,
				9BE796822061B2BC0019628E /* EXHRegistrationViewModel.swift in Sources */,
				9B2FC21720605AD500410E71 /* BaseViewModel.swift in Sources */,
				9B2FC20B206051B600410E71 /* EXHNetworkEndPoints.swift in Sources */,
				9BE7968B2062D9D80019628E /* UserDefaultHelper.swift in Sources */,
				9B2FC1CE206048F100410E71 /* IndiaExhibition.xcdatamodeld in Sources */,
				9B2FC2192060604600410E71 /* UserInfo.swift in Sources */,
				9BE7967D2060EDEE0019628E /* EXHRegistrationController.swift in Sources */,
				9B2FC1C6206048F100410E71 /* AppDelegate.swift in Sources */,
				9B2FC207206051AA00410E71 /* EXHPostServicePath.swift in Sources */,
				9B2FC21320605A0D00410E71 /* EXHLoginViewModel.swift in Sources */,
				9BE7967B2060EDD70019628E /* EXHSignInController.swift in Sources */,
				9BE796842061B5BF0019628E /* EXHEventsViewModel.swift in Sources */,
				9B2FC2052060519000410E71 /* EXHWebApiWrapper.swift in Sources */,
			);
			runOnlyForDeploymentPostprocessing = 0;
		};
		9B2FC1D5206048F100410E71 /* Sources */ = {
			isa = PBXSourcesBuildPhase;
			buildActionMask = 2147483647;
			files = (
				9B2FC1DE206048F100410E71 /* IndiaExhibitionTests.swift in Sources */,
			);
			runOnlyForDeploymentPostprocessing = 0;
		};
/* End PBXSourcesBuildPhase section */

/* Begin PBXTargetDependency section */
		9B2FC1DB206048F100410E71 /* PBXTargetDependency */ = {
			isa = PBXTargetDependency;
			target = 9B2FC1C1206048F100410E71 /* IndiaExhibition */;
			targetProxy = 9B2FC1DA206048F100410E71 /* PBXContainerItemProxy */;
		};
/* End PBXTargetDependency section */

/* Begin PBXVariantGroup section */
		9B2FC1C9206048F100410E71 /* Main.storyboard */ = {
			isa = PBXVariantGroup;
			children = (
				9B2FC1CA206048F100410E71 /* Base */,
			);
			name = Main.storyboard;
			sourceTree = "<group>";
		};
		9B2FC1D1206048F100410E71 /* LaunchScreen.storyboard */ = {
			isa = PBXVariantGroup;
			children = (
				9B2FC1D2206048F100410E71 /* Base */,
			);
			name = LaunchScreen.storyboard;
			sourceTree = "<group>";
		};
/* End PBXVariantGroup section */

/* Begin XCBuildConfiguration section */
		9B2FC1E0206048F100410E71 /* Debug */ = {
			isa = XCBuildConfiguration;
			buildSettings = {
				ALWAYS_SEARCH_USER_PATHS = NO;
				CLANG_ANALYZER_NONNULL = YES;
				CLANG_ANALYZER_NUMBER_OBJECT_CONVERSION = YES_AGGRESSIVE;
				CLANG_CXX_LANGUAGE_STANDARD = "gnu++14";
				CLANG_CXX_LIBRARY = "libc++";
				CLANG_ENABLE_MODULES = YES;
				CLANG_ENABLE_OBJC_ARC = YES;
				CLANG_WARN_BLOCK_CAPTURE_AUTORELEASING = YES;
				CLANG_WARN_BOOL_CONVERSION = YES;
				CLANG_WARN_COMMA = YES;
				CLANG_WARN_CONSTANT_CONVERSION = YES;
				CLANG_WARN_DIRECT_OBJC_ISA_USAGE = YES_ERROR;
				CLANG_WARN_DOCUMENTATION_COMMENTS = YES;
				CLANG_WARN_EMPTY_BODY = YES;
				CLANG_WARN_ENUM_CONVERSION = YES;
				CLANG_WARN_INFINITE_RECURSION = YES;
				CLANG_WARN_INT_CONVERSION = YES;
				CLANG_WARN_NON_LITERAL_NULL_CONVERSION = YES;
				CLANG_WARN_OBJC_LITERAL_CONVERSION = YES;
				CLANG_WARN_OBJC_ROOT_CLASS = YES_ERROR;
				CLANG_WARN_RANGE_LOOP_ANALYSIS = YES;
				CLANG_WARN_STRICT_PROTOTYPES = YES;
				CLANG_WARN_SUSPICIOUS_MOVE = YES;
				CLANG_WARN_UNGUARDED_AVAILABILITY = YES_AGGRESSIVE;
				CLANG_WARN_UNREACHABLE_CODE = YES;
				CLANG_WARN__DUPLICATE_METHOD_MATCH = YES;
				CODE_SIGN_IDENTITY = "iPhone Developer";
				COPY_PHASE_STRIP = NO;
				DEBUG_INFORMATION_FORMAT = dwarf;
				ENABLE_STRICT_OBJC_MSGSEND = YES;
				ENABLE_TESTABILITY = YES;
				GCC_C_LANGUAGE_STANDARD = gnu11;
				GCC_DYNAMIC_NO_PIC = NO;
				GCC_NO_COMMON_BLOCKS = YES;
				GCC_OPTIMIZATION_LEVEL = 0;
				GCC_PREPROCESSOR_DEFINITIONS = (
					"DEBUG=1",
					"$(inherited)",
				);
				GCC_WARN_64_TO_32_BIT_CONVERSION = YES;
				GCC_WARN_ABOUT_RETURN_TYPE = YES_ERROR;
				GCC_WARN_UNDECLARED_SELECTOR = YES;
				GCC_WARN_UNINITIALIZED_AUTOS = YES_AGGRESSIVE;
				GCC_WARN_UNUSED_FUNCTION = YES;
				GCC_WARN_UNUSED_VARIABLE = YES;
				IPHONEOS_DEPLOYMENT_TARGET = 11.2;
				MTL_ENABLE_DEBUG_INFO = YES;
				ONLY_ACTIVE_ARCH = YES;
				SDKROOT = iphoneos;
				SWIFT_ACTIVE_COMPILATION_CONDITIONS = DEBUG;
				SWIFT_OPTIMIZATION_LEVEL = "-Onone";
			};
			name = Debug;
		};
		9B2FC1E1206048F100410E71 /* Release */ = {
			isa = XCBuildConfiguration;
			buildSettings = {
				ALWAYS_SEARCH_USER_PATHS = NO;
				CLANG_ANALYZER_NONNULL = YES;
				CLANG_ANALYZER_NUMBER_OBJECT_CONVERSION = YES_AGGRESSIVE;
				CLANG_CXX_LANGUAGE_STANDARD = "gnu++14";
				CLANG_CXX_LIBRARY = "libc++";
				CLANG_ENABLE_MODULES = YES;
				CLANG_ENABLE_OBJC_ARC = YES;
				CLANG_WARN_BLOCK_CAPTURE_AUTORELEASING = YES;
				CLANG_WARN_BOOL_CONVERSION = YES;
				CLANG_WARN_COMMA = YES;
				CLANG_WARN_CONSTANT_CONVERSION = YES;
				CLANG_WARN_DIRECT_OBJC_ISA_USAGE = YES_ERROR;
				CLANG_WARN_DOCUMENTATION_COMMENTS = YES;
				CLANG_WARN_EMPTY_BODY = YES;
				CLANG_WARN_ENUM_CONVERSION = YES;
				CLANG_WARN_INFINITE_RECURSION = YES;
				CLANG_WARN_INT_CONVERSION = YES;
				CLANG_WARN_NON_LITERAL_NULL_CONVERSION = YES;
				CLANG_WARN_OBJC_LITERAL_CONVERSION = YES;
				CLANG_WARN_OBJC_ROOT_CLASS = YES_ERROR;
				CLANG_WARN_RANGE_LOOP_ANALYSIS = YES;
				CLANG_WARN_STRICT_PROTOTYPES = YES;
				CLANG_WARN_SUSPICIOUS_MOVE = YES;
				CLANG_WARN_UNGUARDED_AVAILABILITY = YES_AGGRESSIVE;
				CLANG_WARN_UNREACHABLE_CODE = YES;
				CLANG_WARN__DUPLICATE_METHOD_MATCH = YES;
				CODE_SIGN_IDENTITY = "iPhone Developer";
				COPY_PHASE_STRIP = NO;
				DEBUG_INFORMATION_FORMAT = "dwarf-with-dsym";
				ENABLE_NS_ASSERTIONS = NO;
				ENABLE_STRICT_OBJC_MSGSEND = YES;
				GCC_C_LANGUAGE_STANDARD = gnu11;
				GCC_NO_COMMON_BLOCKS = YES;
				GCC_WARN_64_TO_32_BIT_CONVERSION = YES;
				GCC_WARN_ABOUT_RETURN_TYPE = YES_ERROR;
				GCC_WARN_UNDECLARED_SELECTOR = YES;
				GCC_WARN_UNINITIALIZED_AUTOS = YES_AGGRESSIVE;
				GCC_WARN_UNUSED_FUNCTION = YES;
				GCC_WARN_UNUSED_VARIABLE = YES;
				IPHONEOS_DEPLOYMENT_TARGET = 11.2;
				MTL_ENABLE_DEBUG_INFO = NO;
				SDKROOT = iphoneos;
				SWIFT_OPTIMIZATION_LEVEL = "-Owholemodule";
				VALIDATE_PRODUCT = YES;
			};
			name = Release;
		};
		9B2FC1E3206048F100410E71 /* Debug */ = {
			isa = XCBuildConfiguration;
			buildSettings = {
				APP_ENV = Debug;
				ASSETCATALOG_COMPILER_APPICON_NAME = AppIcon;
				CODE_SIGN_STYLE = Automatic;
				DEVELOPMENT_TEAM = 53326A7Q7R;
				INFOPLIST_FILE = IndiaExhibition/Info.plist;
				LD_RUNPATH_SEARCH_PATHS = "$(inherited) @executable_path/Frameworks";
				PRODUCT_BUNDLE_IDENTIFIER = com.mobileproggramming.IndiaExhibition;
				PRODUCT_NAME = "$(TARGET_NAME)";
				SWIFT_VERSION = 4.0;
				TARGETED_DEVICE_FAMILY = "1,2";
			};
			name = Debug;
		};
		9B2FC1E4206048F100410E71 /* Release */ = {
			isa = XCBuildConfiguration;
			buildSettings = {
				APP_ENV = Release;
				ASSETCATALOG_COMPILER_APPICON_NAME = AppIcon;
				CODE_SIGN_STYLE = Automatic;
				DEVELOPMENT_TEAM = 53326A7Q7R;
				INFOPLIST_FILE = IndiaExhibition/Info.plist;
				LD_RUNPATH_SEARCH_PATHS = "$(inherited) @executable_path/Frameworks";
				PRODUCT_BUNDLE_IDENTIFIER = com.mobileproggramming.IndiaExhibition;
				PRODUCT_NAME = "$(TARGET_NAME)";
				SWIFT_VERSION = 4.0;
				TARGETED_DEVICE_FAMILY = "1,2";
			};
			name = Release;
		};
		9B2FC1E6206048F100410E71 /* Debug */ = {
			isa = XCBuildConfiguration;
			buildSettings = {
				ALWAYS_EMBED_SWIFT_STANDARD_LIBRARIES = YES;
				BUNDLE_LOADER = "$(TEST_HOST)";
				CODE_SIGN_STYLE = Automatic;
				DEVELOPMENT_TEAM = 53326A7Q7R;
				INFOPLIST_FILE = IndiaExhibitionTests/Info.plist;
				LD_RUNPATH_SEARCH_PATHS = "$(inherited) @executable_path/Frameworks @loader_path/Frameworks";
				PRODUCT_BUNDLE_IDENTIFIER = com.mobileproggramming.IndiaExhibitionTests;
				PRODUCT_NAME = "$(TARGET_NAME)";
				SWIFT_VERSION = 4.0;
				TARGETED_DEVICE_FAMILY = "1,2";
				TEST_HOST = "$(BUILT_PRODUCTS_DIR)/IndiaExhibition.app/IndiaExhibition";
			};
			name = Debug;
		};
		9B2FC1E7206048F100410E71 /* Release */ = {
			isa = XCBuildConfiguration;
			buildSettings = {
				ALWAYS_EMBED_SWIFT_STANDARD_LIBRARIES = YES;
				BUNDLE_LOADER = "$(TEST_HOST)";
				CODE_SIGN_STYLE = Automatic;
				DEVELOPMENT_TEAM = 53326A7Q7R;
				INFOPLIST_FILE = IndiaExhibitionTests/Info.plist;
				LD_RUNPATH_SEARCH_PATHS = "$(inherited) @executable_path/Frameworks @loader_path/Frameworks";
				PRODUCT_BUNDLE_IDENTIFIER = com.mobileproggramming.IndiaExhibitionTests;
				PRODUCT_NAME = "$(TARGET_NAME)";
				SWIFT_VERSION = 4.0;
				TARGETED_DEVICE_FAMILY = "1,2";
				TEST_HOST = "$(BUILT_PRODUCTS_DIR)/IndiaExhibition.app/IndiaExhibition";
			};
			name = Release;
		};
/* End XCBuildConfiguration section */

/* Begin XCConfigurationList section */
		9B2FC1BD206048F100410E71 /* Build configuration list for PBXProject "IndiaExhibition" */ = {
			isa = XCConfigurationList;
			buildConfigurations = (
				9B2FC1E0206048F100410E71 /* Debug */,
				9B2FC1E1206048F100410E71 /* Release */,
			);
			defaultConfigurationIsVisible = 0;
			defaultConfigurationName = Debug;
		};
		9B2FC1E2206048F100410E71 /* Build configuration list for PBXNativeTarget "IndiaExhibition" */ = {
			isa = XCConfigurationList;
			buildConfigurations = (
				9B2FC1E3206048F100410E71 /* Debug */,
				9B2FC1E4206048F100410E71 /* Release */,
			);
			defaultConfigurationIsVisible = 0;
			defaultConfigurationName = Debug;
		};
		9B2FC1E5206048F100410E71 /* Build configuration list for PBXNativeTarget "IndiaExhibitionTests" */ = {
			isa = XCConfigurationList;
			buildConfigurations = (
				9B2FC1E6206048F100410E71 /* Debug */,
				9B2FC1E7206048F100410E71 /* Release */,
			);
			defaultConfigurationIsVisible = 0;
			defaultConfigurationName = Debug;
		};
/* End XCConfigurationList section */

/* Begin XCVersionGroup section */
		9B2FC1CC206048F100410E71 /* IndiaExhibition.xcdatamodeld */ = {
			isa = XCVersionGroup;
			children = (
				9B2FC1CD206048F100410E71 /* IndiaExhibition.xcdatamodel */,
			);
			currentVersion = 9B2FC1CD206048F100410E71 /* IndiaExhibition.xcdatamodel */;
			path = IndiaExhibition.xcdatamodeld;
			sourceTree = "<group>";
			versionGroupType = wrapper.xcdatamodel;
		};
/* End XCVersionGroup section */
	};
	rootObject = 9B2FC1BA206048F100410E71 /* Project object */;
}
